{
  "name": "airdrop",
  "version": "1.0.0",
  "lockfileVersion": 2,
  "requires": true,
  "packages": {
    "": {
      "name": "airdrop",
      "version": "1.0.0",
      "license": "ISC",
      "dependencies": {
        "bignumber.js": "^9.0.2",
        "node-fetch": "^3.2.0",
        "xlsx": "^0.18.2"
      }
    },
    "node_modules/adler-32": {
      "version": "1.3.0",
      "resolved": "https://registry.npmjs.org/adler-32/-/adler-32-1.3.0.tgz",
      "integrity": "sha512-f5nltvjl+PRUh6YNfUstRaXwJxtfnKEWhAWWlmKvh+Y3J2+98a0KKVYDEhz6NdKGqswLhjNGznxfSsZGOvOd9g==",
      "dependencies": {
        "printj": "~1.2.2"
      },
      "engines": {
        "node": ">=0.8"
      }
    },
    "node_modules/bignumber.js": {
      "version": "9.0.2",
      "resolved": "https://registry.npmjs.org/bignumber.js/-/bignumber.js-9.0.2.tgz",
      "integrity": "sha512-GAcQvbpsM0pUb0zw1EI0KhQEZ+lRwR5fYaAp3vPOYuP7aDvGy6cVN6XHLauvF8SOga2y0dcLcjt3iQDTSEliyw==",
      "engines": {
        "node": "*"
      }
    },
    "node_modules/cfb": {
      "version": "1.2.1",
      "resolved": "https://registry.npmjs.org/cfb/-/cfb-1.2.1.tgz",
      "integrity": "sha512-wT2ScPAFGSVy7CY+aauMezZBnNrfnaLSrxHUHdea+Td/86vrk6ZquggV+ssBR88zNs0OnBkL2+lf9q0K+zVGzQ==",
      "dependencies": {
        "adler-32": "~1.3.0",
        "crc-32": "~1.2.0",
        "printj": "~1.3.0"
      },
      "engines": {
        "node": ">=0.8"
      }
    },
    "node_modules/cfb/node_modules/printj": {
      "version": "1.3.1",
      "resolved": "https://registry.npmjs.org/printj/-/printj-1.3.1.tgz",
      "integrity": "sha512-GA3TdL8szPK4AQ2YnOe/b+Y1jUFwmmGMMK/qbY7VcE3Z7FU8JstbKiKRzO6CIiAKPhTO8m01NoQ0V5f3jc4OGg==",
      "bin": {
        "printj": "bin/printj.njs"
      },
      "engines": {
        "node": ">=0.8"
      }
    },
    "node_modules/codepage": {
      "version": "1.15.0",
      "resolved": "https://registry.npmjs.org/codepage/-/codepage-1.15.0.tgz",
      "integrity": "sha512-3g6NUTPd/YtuuGrhMnOMRjFc+LJw/bnMp3+0r/Wcz3IXUuCosKRJvMphm5+Q+bvTVGcJJuRvVLuYba+WojaFaA==",
      "engines": {
        "node": ">=0.8"
      }
    },
    "node_modules/crc-32": {
      "version": "1.2.1",
      "resolved": "https://registry.npmjs.org/crc-32/-/crc-32-1.2.1.tgz",
      "integrity": "sha512-Dn/xm/1vFFgs3nfrpEVScHoIslO9NZRITWGz/1E/St6u4xw99vfZzVkW0OSnzx2h9egej9xwMCEut6sqwokM/w==",
      "dependencies": {
        "exit-on-epipe": "~1.0.1",
        "printj": "~1.3.1"
      },
      "bin": {
        "crc32": "bin/crc32.njs"
      },
      "engines": {
        "node": ">=0.8"
      }
    },
    "node_modules/crc-32/node_modules/printj": {
      "version": "1.3.1",
      "resolved": "https://registry.npmjs.org/printj/-/printj-1.3.1.tgz",
      "integrity": "sha512-GA3TdL8szPK4AQ2YnOe/b+Y1jUFwmmGMMK/qbY7VcE3Z7FU8JstbKiKRzO6CIiAKPhTO8m01NoQ0V5f3jc4OGg==",
      "bin": {
        "printj": "bin/printj.njs"
      },
      "engines": {
        "node": ">=0.8"
      }
    },
    "node_modules/data-uri-to-buffer": {
      "version": "4.0.0",
      "resolved": "https://registry.npmjs.org/data-uri-to-buffer/-/data-uri-to-buffer-4.0.0.tgz",
      "integrity": "sha512-Vr3mLBA8qWmcuschSLAOogKgQ/Jwxulv3RNE4FXnYWRGujzrRWQI4m12fQqRkwX06C0KanhLr4hK+GydchZsaA==",
      "engines": {
        "node": ">= 12"
      }
    },
    "node_modules/exit-on-epipe": {
      "version": "1.0.1",
      "resolved": "https://registry.npmjs.org/exit-on-epipe/-/exit-on-epipe-1.0.1.tgz",
      "integrity": "sha512-h2z5mrROTxce56S+pnvAV890uu7ls7f1kEvVGJbw1OlFH3/mlJ5bkXu0KRyW94v37zzHPiUd55iLn3DA7TjWpw==",
      "engines": {
        "node": ">=0.8"
      }
    },
    "node_modules/fetch-blob": {
      "version": "3.1.4",
      "resolved": "https://registry.npmjs.org/fetch-blob/-/fetch-blob-3.1.4.tgz",
      "integrity": "sha512-Eq5Xv5+VlSrYWEqKrusxY1C3Hm/hjeAsCGVG3ft7pZahlUAChpGZT/Ms1WmSLnEAisEXszjzu/s+ce6HZB2VHA==",
      "funding": [
        {
          "type": "github",
          "url": "https://github.com/sponsors/jimmywarting"
        },
        {
          "type": "paypal",
          "url": "https://paypal.me/jimmywarting"
        }
      ],
      "dependencies": {
        "node-domexception": "^1.0.0",
        "web-streams-polyfill": "^3.0.3"
      },
      "engines": {
        "node": "^12.20 || >= 14.13"
      }
    },
    "node_modules/formdata-polyfill": {
      "version": "4.0.10",
      "resolved": "https://registry.npmjs.org/formdata-polyfill/-/formdata-polyfill-4.0.10.tgz",
      "integrity": "sha512-buewHzMvYL29jdeQTVILecSaZKnt/RJWjoZCF5OW60Z67/GmSLBkOFM7qh1PI3zFNtJbaZL5eQu1vLfazOwj4g==",
      "dependencies": {
        "fetch-blob": "^3.1.2"
      },
      "engines": {
        "node": ">=12.20.0"
      }
    },
    "node_modules/frac": {
      "version": "1.1.2",
      "resolved": "https://registry.npmjs.org/frac/-/frac-1.1.2.tgz",
      "integrity": "sha512-w/XBfkibaTl3YDqASwfDUqkna4Z2p9cFSr1aHDt0WoMTECnRfBOv2WArlZILlqgWlmdIlALXGpM2AOhEk5W3IA==",
      "engines": {
        "node": ">=0.8"
      }
    },
    "node_modules/node-domexception": {
      "version": "1.0.0",
      "resolved": "https://registry.npmjs.org/node-domexception/-/node-domexception-1.0.0.tgz",
      "integrity": "sha512-/jKZoMpw0F8GRwl4/eLROPA3cfcXtLApP0QzLmUT/HuPCZWyB7IY9ZrMeKw2O/nFIqPQB3PVM9aYm0F312AXDQ==",
      "funding": [
        {
          "type": "github",
          "url": "https://github.com/sponsors/jimmywarting"
        },
        {
          "type": "github",
          "url": "https://paypal.me/jimmywarting"
        }
      ],
      "engines": {
        "node": ">=10.5.0"
      }
    },
    "node_modules/node-fetch": {
      "version": "3.2.0",
      "resolved": "https://registry.npmjs.org/node-fetch/-/node-fetch-3.2.0.tgz",
      "integrity": "sha512-8xeimMwMItMw8hRrOl3C9/xzU49HV/yE6ORew/l+dxWimO5A4Ra8ld2rerlJvc/O7et5Z1zrWsPX43v1QBjCxw==",
      "dependencies": {
        "data-uri-to-buffer": "^4.0.0",
        "fetch-blob": "^3.1.4",
        "formdata-polyfill": "^4.0.10"
      },
      "engines": {
        "node": "^12.20.0 || ^14.13.1 || >=16.0.0"
      },
      "funding": {
        "type": "opencollective",
        "url": "https://opencollective.com/node-fetch"
      }
    },
    "node_modules/printj": {
      "version": "1.2.3",
      "resolved": "https://registry.npmjs.org/printj/-/printj-1.2.3.tgz",
      "integrity": "sha512-sanczS6xOJOg7IKDvi4sGOUOe7c1tsEzjwlLFH/zgwx/uyImVM9/rgBkc8AfiQa/Vg54nRd8mkm9yI7WV/O+WA==",
      "bin": {
        "printj": "bin/printj.njs"
      },
      "engines": {
        "node": ">=0.8"
      }
    },
    "node_modules/ssf": {
      "version": "0.11.2",
      "resolved": "https://registry.npmjs.org/ssf/-/ssf-0.11.2.tgz",
      "integrity": "sha512-+idbmIXoYET47hH+d7dfm2epdOMUDjqcB4648sTZ+t2JwoyBFL/insLfB/racrDmsKB3diwsDA696pZMieAC5g==",
      "dependencies": {
        "frac": "~1.1.2"
      },
      "engines": {
        "node": ">=0.8"
      }
    },
    "node_modules/web-streams-polyfill": {
      "version": "3.2.0",
      "resolved": "https://registry.npmjs.org/web-streams-polyfill/-/web-streams-polyfill-3.2.0.tgz",
      "integrity": "sha512-EqPmREeOzttaLRm5HS7io98goBgZ7IVz79aDvqjD0kYXLtFZTc0T/U6wHTPKyIjb+MdN7DFIIX6hgdBEpWmfPA==",
      "engines": {
        "node": ">= 8"
      }
    },
    "node_modules/wmf": {
      "version": "1.0.2",
      "resolved": "https://registry.npmjs.org/wmf/-/wmf-1.0.2.tgz",
      "integrity": "sha512-/p9K7bEh0Dj6WbXg4JG0xvLQmIadrner1bi45VMJTfnbVHsc7yIajZyoSoK60/dtVBs12Fm6WkUI5/3WAVsNMw==",
      "engines": {
        "node": ">=0.8"
      }
    },
    "node_modules/word": {
      "version": "0.3.0",
      "resolved": "https://registry.npmjs.org/word/-/word-0.3.0.tgz",
      "integrity": "sha512-OELeY0Q61OXpdUfTp+oweA/vtLVg5VDOXh+3he3PNzLGG/y0oylSOC1xRVj0+l4vQ3tj/bB1HVHv1ocXkQceFA==",
      "engines": {
        "node": ">=0.8"
      }
    },
    "node_modules/xlsx": {
      "version": "0.18.2",
      "resolved": "https://registry.npmjs.org/xlsx/-/xlsx-0.18.2.tgz",
      "integrity": "sha512-BWLS+GO5yg5Hnro8mpbNkZq/a+dZ8689otFuHmb9wgCtiMpL+I9dpc+Sans6K9yYxTLEZ235Kr/JkmoTEMunzQ==",
      "dependencies": {
        "adler-32": "~1.3.0",
        "cfb": "~1.2.1",
        "codepage": "~1.15.0",
        "crc-32": "~1.2.1",
        "ssf": "~0.11.2",
        "wmf": "~1.0.1",
        "word": "~0.3.0"
      },
      "bin": {
        "xlsx": "bin/xlsx.njs"
      },
      "engines": {
        "node": ">=0.8"
      }
    }
  },
  "dependencies": {
    "adler-32": {
      "version": "1.3.0",
      "resolved": "https://registry.npmjs.org/adler-32/-/adler-32-1.3.0.tgz",
      "integrity": "sha512-f5nltvjl+PRUh6YNfUstRaXwJxtfnKEWhAWWlmKvh+Y3J2+98a0KKVYDEhz6NdKGqswLhjNGznxfSsZGOvOd9g==",
      "requires": {
        "printj": "~1.2.2"
      }
    },
    "bignumber.js": {
      "version": "9.0.2",
      "resolved": "https://registry.npmjs.org/bignumber.js/-/bignumber.js-9.0.2.tgz",
      "integrity": "sha512-GAcQvbpsM0pUb0zw1EI0KhQEZ+lRwR5fYaAp3vPOYuP7aDvGy6cVN6XHLauvF8SOga2y0dcLcjt3iQDTSEliyw=="
    },
    "cfb": {
      "version": "1.2.1",
      "resolved": "https://registry.npmjs.org/cfb/-/cfb-1.2.1.tgz",
      "integrity": "sha512-wT2ScPAFGSVy7CY+aauMezZBnNrfnaLSrxHUHdea+Td/86vrk6ZquggV+ssBR88zNs0OnBkL2+lf9q0K+zVGzQ==",
      "requires": {
        "adler-32": "~1.3.0",
        "crc-32": "~1.2.0",
        "printj": "~1.3.0"
      },
      "dependencies": {
        "printj": {
          "version": "1.3.1",
          "resolved": "https://registry.npmjs.org/printj/-/printj-1.3.1.tgz",
          "integrity": "sha512-GA3TdL8szPK4AQ2YnOe/b+Y1jUFwmmGMMK/qbY7VcE3Z7FU8JstbKiKRzO6CIiAKPhTO8m01NoQ0V5f3jc4OGg=="
        }
      }
    },
    "codepage": {
      "version": "1.15.0",
      "resolved": "https://registry.npmjs.org/codepage/-/codepage-1.15.0.tgz",
      "integrity": "sha512-3g6NUTPd/YtuuGrhMnOMRjFc+LJw/bnMp3+0r/Wcz3IXUuCosKRJvMphm5+Q+bvTVGcJJuRvVLuYba+WojaFaA=="
    },
    "crc-32": {
      "version": "1.2.1",
      "resolved": "https://registry.npmjs.org/crc-32/-/crc-32-1.2.1.tgz",
      "integrity": "sha512-Dn/xm/1vFFgs3nfrpEVScHoIslO9NZRITWGz/1E/St6u4xw99vfZzVkW0OSnzx2h9egej9xwMCEut6sqwokM/w==",
      "requires": {
        "exit-on-epipe": "~1.0.1",
        "printj": "~1.3.1"
      },
      "dependencies": {
        "printj": {
          "version": "1.3.1",
          "resolved": "https://registry.npmjs.org/printj/-/printj-1.3.1.tgz",
          "integrity": "sha512-GA3TdL8szPK4AQ2YnOe/b+Y1jUFwmmGMMK/qbY7VcE3Z7FU8JstbKiKRzO6CIiAKPhTO8m01NoQ0V5f3jc4OGg=="
        }
      }
    },
    "data-uri-to-buffer": {
      "version": "4.0.0",
      "resolved": "https://registry.npmjs.org/data-uri-to-buffer/-/data-uri-to-buffer-4.0.0.tgz",
      "integrity": "sha512-Vr3mLBA8qWmcuschSLAOogKgQ/Jwxulv3RNE4FXnYWRGujzrRWQI4m12fQqRkwX06C0KanhLr4hK+GydchZsaA=="
    },
    "exit-on-epipe": {
      "version": "1.0.1",
      "resolved": "https://registry.npmjs.org/exit-on-epipe/-/exit-on-epipe-1.0.1.tgz",
      "integrity": "sha512-h2z5mrROTxce56S+pnvAV890uu7ls7f1kEvVGJbw1OlFH3/mlJ5bkXu0KRyW94v37zzHPiUd55iLn3DA7TjWpw=="
    },
    "fetch-blob": {
      "version": "3.1.4",
      "resolved": "https://registry.npmjs.org/fetch-blob/-/fetch-blob-3.1.4.tgz",
      "integrity": "sha512-Eq5Xv5+VlSrYWEqKrusxY1C3Hm/hjeAsCGVG3ft7pZahlUAChpGZT/Ms1WmSLnEAisEXszjzu/s+ce6HZB2VHA==",
      "requires": {
        "node-domexception": "^1.0.0",
        "web-streams-polyfill": "^3.0.3"
      }
    },
    "formdata-polyfill": {
      "version": "4.0.10",
      "resolved": "https://registry.npmjs.org/formdata-polyfill/-/formdata-polyfill-4.0.10.tgz",
      "integrity": "sha512-buewHzMvYL29jdeQTVILecSaZKnt/RJWjoZCF5OW60Z67/GmSLBkOFM7qh1PI3zFNtJbaZL5eQu1vLfazOwj4g==",
      "requires": {
        "fetch-blob": "^3.1.2"
      }
    },
    "frac": {
      "version": "1.1.2",
      "resolved": "https://registry.npmjs.org/frac/-/frac-1.1.2.tgz",
      "integrity": "sha512-w/XBfkibaTl3YDqASwfDUqkna4Z2p9cFSr1aHDt0WoMTECnRfBOv2WArlZILlqgWlmdIlALXGpM2AOhEk5W3IA=="
    },
    "node-domexception": {
      "version": "1.0.0",
      "resolved": "https://registry.npmjs.org/node-domexception/-/node-domexception-1.0.0.tgz",
      "integrity": "sha512-/jKZoMpw0F8GRwl4/eLROPA3cfcXtLApP0QzLmUT/HuPCZWyB7IY9ZrMeKw2O/nFIqPQB3PVM9aYm0F312AXDQ=="
    },
    "node-fetch": {
      "version": "3.2.0",
      "resolved": "https://registry.npmjs.org/node-fetch/-/node-fetch-3.2.0.tgz",
      "integrity": "sha512-8xeimMwMItMw8hRrOl3C9/xzU49HV/yE6ORew/l+dxWimO5A4Ra8ld2rerlJvc/O7et5Z1zrWsPX43v1QBjCxw==",
      "requires": {
        "data-uri-to-buffer": "^4.0.0",
        "fetch-blob": "^3.1.4",
        "formdata-polyfill": "^4.0.10"
      }
    },
    "printj": {
      "version": "1.2.3",
      "resolved": "https://registry.npmjs.org/printj/-/printj-1.2.3.tgz",
      "integrity": "sha512-sanczS6xOJOg7IKDvi4sGOUOe7c1tsEzjwlLFH/zgwx/uyImVM9/rgBkc8AfiQa/Vg54nRd8mkm9yI7WV/O+WA=="
    },
    "ssf": {
      "version": "0.11.2",
      "resolved": "https://registry.npmjs.org/ssf/-/ssf-0.11.2.tgz",
      "integrity": "sha512-+idbmIXoYET47hH+d7dfm2epdOMUDjqcB4648sTZ+t2JwoyBFL/insLfB/racrDmsKB3diwsDA696pZMieAC5g==",
      "requires": {
        "frac": "~1.1.2"
      }
    },
    "web-streams-polyfill": {
      "version": "3.2.0",
      "resolved": "https://registry.npmjs.org/web-streams-polyfill/-/web-streams-polyfill-3.2.0.tgz",
      "integrity": "sha512-EqPmREeOzttaLRm5HS7io98goBgZ7IVz79aDvqjD0kYXLtFZTc0T/U6wHTPKyIjb+MdN7DFIIX6hgdBEpWmfPA=="
    },
    "wmf": {
      "version": "1.0.2",
      "resolved": "https://registry.npmjs.org/wmf/-/wmf-1.0.2.tgz",
      "integrity": "sha512-/p9K7bEh0Dj6WbXg4JG0xvLQmIadrner1bi45VMJTfnbVHsc7yIajZyoSoK60/dtVBs12Fm6WkUI5/3WAVsNMw=="
    },
    "word": {
      "version": "0.3.0",
      "resolved": "https://registry.npmjs.org/word/-/word-0.3.0.tgz",
      "integrity": "sha512-OELeY0Q61OXpdUfTp+oweA/vtLVg5VDOXh+3he3PNzLGG/y0oylSOC1xRVj0+l4vQ3tj/bB1HVHv1ocXkQceFA=="
    },
    "xlsx": {
      "version": "0.18.2",
      "resolved": "https://registry.npmjs.org/xlsx/-/xlsx-0.18.2.tgz",
      "integrity": "sha512-BWLS+GO5yg5Hnro8mpbNkZq/a+dZ8689otFuHmb9wgCtiMpL+I9dpc+Sans6K9yYxTLEZ235Kr/JkmoTEMunzQ==",
      "requires": {
        "adler-32": "~1.3.0",
        "cfb": "~1.2.1",
        "codepage": "~1.15.0",
        "crc-32": "~1.2.1",
        "ssf": "~0.11.2",
        "wmf": "~1.0.1",
        "word": "~0.3.0"
      }
    }
  }
}
